
Microsoft Visual Studio Solution File, Format Version 12.00
# Visual Studio Version 17
VisualStudioVersion = 17.4.33205.214
MinimumVisualStudioVersion = 10.0.40219.1
Project("{FAE04EC0-301F-11D3-BF4B-00C04F79EFBC}") = "restForCD", "restForCD\restForCD.csproj", "{3A7E9909-2978-4618-8CB1-CD20901361AE}"
EndProject
Project("{FAE04EC0-301F-11D3-BF4B-00C04F79EFBC}") = "restForCDTests", "restForCDTests\restForCDTests.csproj", "{27DCBA9D-55D5-4D05-81FF-5F4901701387}"
EndProject
Global
	GlobalSection(SolutionConfigurationPlatforms) = preSolution
		Debug|Any CPU = Debug|Any CPU
		Release|Any CPU = Release|Any CPU
	EndGlobalSection
	GlobalSection(ProjectConfigurationPlatforms) = postSolution
		{3A7E9909-2978-4618-8CB1-CD20901361AE}.Debug|Any CPU.ActiveCfg = Debug|Any CPU
		{3A7E9909-2978-4618-8CB1-CD20901361AE}.Debug|Any CPU.Build.0 = Debug|Any CPU
		{3A7E9909-2978-4618-8CB1-CD20901361AE}.Release|Any CPU.ActiveCfg = Release|Any CPU
		{3A7E9909-2978-4618-8CB1-CD20901361AE}.Release|Any CPU.Build.0 = Release|Any CPU
		{27DCBA9D-55D5-4D05-81FF-5F4901701387}.Debug|Any CPU.ActiveCfg = Debug|Any CPU
		{27DCBA9D-55D5-4D05-81FF-5F4901701387}.Debug|Any CPU.Build.0 = Debug|Any CPU
		{27DCBA9D-55D5-4D05-81FF-5F4901701387}.Release|Any CPU.ActiveCfg = Release|Any CPU
		{27DCBA9D-55D5-4D05-81FF-5F4901701387}.Release|Any CPU.Build.0 = Release|Any CPU
	EndGlobalSection
	GlobalSection(SolutionProperties) = preSolution
		HideSolutionNode = FALSE
	EndGlobalSection
	GlobalSection(ExtensibilityGlobals) = postSolution
		SolutionGuid = {67580F80-D2A3-4162-8A4A-FE88ADBC84C2}
	EndGlobalSection
EndGlobal
